// !$*UTF8*$!
{
	archiveVersion = 1;
	classes = {
	};
	objectVersion = 46;
	objects = {

/* Begin PBXFileReference section */
		118E5F0E1BED858B00A985F3 /* .DS_Store */ = {isa = PBXFileReference; lastKnownFileType = file; path = .DS_Store; sourceTree = "<group>"; };
		118E5F0F1BED858B00A985F3 /* .theos */ = {isa = PBXFileReference; lastKnownFileType = folder; path = .theos; sourceTree = "<group>"; };
		118E5F101BED858B00A985F3 /* AnySpotRootListController.h */ = {isa = PBXFileReference; lastKnownFileType = sourcecode.c.h; path = AnySpotRootListController.h; sourceTree = "<group>"; };
		118E5F111BED858B00A985F3 /* AnySpotRootListController.m */ = {isa = PBXFileReference; lastKnownFileType = sourcecode.c.objc; path = AnySpotRootListController.m; sourceTree = "<group>"; };
		118E5F121BED858B00A985F3 /* debs */ = {isa = PBXFileReference; lastKnownFileType = folder; path = debs; sourceTree = "<group>"; };
		118E5F131BED858B00A985F3 /* entry.plist */ = {isa = PBXFileReference; lastKnownFileType = text.plist.xml; path = entry.plist; sourceTree = "<group>"; };
		118E5F141BED858B00A985F3 /* icon.png */ = {isa = PBXFileReference; lastKnownFileType = image.png; path = icon.png; sourceTree = "<group>"; };
		118E5F151BED858B00A985F3 /* icon@2x.png */ = {isa = PBXFileReference; lastKnownFileType = image.png; path = "icon@2x.png"; sourceTree = "<group>"; };
		118E5F161BED858B00A985F3 /* Makefile */ = {isa = PBXFileReference; lastKnownFileType = sourcecode.make; path = Makefile; sourceTree = "<group>"; };
		118E5F171BED858B00A985F3 /* Resources */ = {isa = PBXFileReference; lastKnownFileType = folder; path = Resources; sourceTree = "<group>"; };
		118E5F181BED858B00A985F3 /* settings.png */ = {isa = PBXFileReference; lastKnownFileType = image.png; path = settings.png; sourceTree = "<group>"; };
		118E5F191BED858B00A985F3 /* settings@2x.png */ = {isa = PBXFileReference; lastKnownFileType = image.png; path = "settings@2x.png"; sourceTree = "<group>"; };
/* End PBXFileReference section */

/* Begin PBXGroup section */
		118E5F081BED858B00A985F3 = {
			isa = PBXGroup;
			children = (
				118E5F0E1BED858B00A985F3 /* .DS_Store */,
				118E5F0F1BED858B00A985F3 /* .theos */,
				118E5F101BED858B00A985F3 /* AnySpotRootListController.h */,
				118E5F111BED858B00A985F3 /* AnySpotRootListController.m */,
				118E5F121BED858B00A985F3 /* debs */,
				118E5F131BED858B00A985F3 /* entry.plist */,
				118E5F141BED858B00A985F3 /* icon.png */,
				118E5F151BED858B00A985F3 /* icon@2x.png */,
				118E5F161BED858B00A985F3 /* Makefile */,
				118E5F171BED858B00A985F3 /* Resources */,
				118E5F181BED858B00A985F3 /* settings.png */,
				118E5F191BED858B00A985F3 /* settings@2x.png */,
			);
			sourceTree = "<group>";
		};
/* End PBXGroup section */

/* Begin PBXLegacyTarget section */
		118E5F0D1BED858B00A985F3 /* anyspotpreferences */ = {
			isa = PBXLegacyTarget;
			buildArgumentsString = "$(ACTION)";
			buildConfigurationList = 118E5F1A1BED858B00A985F3 /* Build configuration list for PBXLegacyTarget "anyspotpreferences" */;
			buildPhases = (
			);
			buildToolPath = /usr/bin/make;
			buildWorkingDirectory = /Users/zac/Development/AnySpot9/anyspotpreferences;
			dependencies = (
			);
			name = anyspotpreferences;
			passBuildSettingsInEnvironment = 1;
			productName = anyspotpreferences;
		};
/* End PBXLegacyTarget section */

/* Begin PBXProject section */
		118E5F091BED858B00A985F3 /* Project object */ = {
			isa = PBXProject;
			attributes = {
			};
			buildConfigurationList = 118E5F0C1BED858B00A985F3 /* Build configuration list for PBXProject "anyspotpreferences" */;
			compatibilityVersion = "Xcode 3.2";
			developmentRegion = English;
			hasScannedForEncodings = 0;
			knownRegions = (
				en,
			);
			mainGroup = 118E5F081BED858B00A985F3;
			projectDirPath = "";
			projectRoot = "";
			targets = (
				118E5F0D1BED858B00A985F3 /* anyspotpreferences */,
			);
		};
/* End PBXProject section */

/* Begin XCBuildConfiguration section */
		118E5F0A1BED858B00A985F3 /* Debug */ = {
			isa = XCBuildConfiguration;
			buildSettings = {
				ARCHS = "$(ARCHS_STANDARD_32_BIT)";
				COPY_PHASE_STRIP = NO;
				GCC_WARN_ABOUT_RETURN_TYPE = YES;
				GCC_WARN_UNUSED_VARIABLE = YES;
				ONLY_ACTIVE_ARCH = YES;
				SDKROOT = macosx10.6;
			};
			name = Debug;
		};
		118E5F0B1BED858B00A985F3 /* Release */ = {
			isa = XCBuildConfiguration;
			buildSettings = {
				ARCHS = "$(ARCHS_STANDARD_32_BIT)";
				COPY_PHASE_STRIP = YES;
				GCC_WARN_ABOUT_RETURN_TYPE = YES;
				GCC_WARN_UNUSED_VARIABLE = YES;
				SDKROOT = macosx10.6;
			};
			name = Release;
		};
		118E5F1B1BED858B00A985F3 /* Debug */ = {
			isa = XCBuildConfiguration;
			buildSettings = {
				COPY_PHASE_STRIP = NO;
				DEBUGGING_SYMBOLS = YES;
				GCC_DYNAMIC_NO_PIC = NO;
				GCC_ENABLE_FIX_AND_CONTINUE = YES;
				GCC_GENERATE_DEBUGGING_SYMBOLS = YES;
				GCC_OPTIMIZATION_LEVEL = 0;
				OTHER_CFLAGS = "";
				OTHER_LDFLAGS = "";
				PRODUCT_NAME = anyspotpreferences;
			};
			name = Debug;
		};
		118E5F1C1BED858B00A985F3 /* Release */ = {
			isa = XCBuildConfiguration;
			buildSettings = {
				COPY_PHASE_STRIP = YES;
				DEBUG_INFORMATION_FORMAT = "dwarf-with-dsym";
				GCC_ENABLE_FIX_AND_CONTINUE = NO;
				OTHER_CFLAGS = "";
				OTHER_LDFLAGS = "";
				PRODUCT_NAME = anyspotpreferences;
			};
			name = Release;
		};
/* End XCBuildConfiguration section */

/* Begin XCConfigurationList section */
		118E5F0C1BED858B00A985F3 /* Build configuration list for PBXProject "anyspotpreferences" */ = {
			isa = XCConfigurationList;
			buildConfigurations = (
				118E5F0A1BED858B00A985F3 /* Debug */,
				118E5F0B1BED858B00A985F3 /* Release */,
			);
			defaultConfigurationIsVisible = 0;
			defaultConfigurationName = Release;
		};
		118E5F1A1BED858B00A985F3 /* Build configuration list for PBXLegacyTarget "anyspotpreferences" */ = {
			isa = XCConfigurationList;
			buildConfigurations = (
				118E5F1B1BED858B00A985F3 /* Debug */,
				118E5F1C1BED858B00A985F3 /* Release */,
			);
			defaultConfigurationIsVisible = 0;
			defaultConfigurationName = Release;
		};
/* End XCConfigurationList section */
	};
	rootObject = 118E5F091BED858B00A985F3 /* Project object */;
}
